# This file is generated by running "yarn install" inside your project.
# Manual changes might be lost - proceed with caution!

__metadata:
  version: 4
  cacheKey: 7

"@types/backbone@npm:^1.4.5":
  version: 1.4.5
  resolution: "@types/backbone@npm:1.4.5"
  dependencies:
    "@types/jquery": "*"
    "@types/underscore": "*"
  checksum: 8aae5fbc8f2bb82be2baddc38df40147e3fcffc605691af99b89f1cde17c97a6ce5803bab68e03647deb4ece9604115c1c6173b525393eccfd1c810f9e5861d9
  languageName: node
  linkType: hard

"@types/jquery.timepicker@npm:^0.3.29":
  version: 0.3.29
  resolution: "@types/jquery.timepicker@npm:0.3.29"
  dependencies:
    "@types/jquery": "*"
    "@types/jqueryui": "*"
  checksum: dffa3a4a644b4d7bbf65a0b1470d15647a5a6fa1b9a20e0bbbae10024949294a64497e29514d46a363dfcc52332dcad84322149d8475297266f0305fa6d54a00
  languageName: node
  linkType: hard

"@types/jquery@npm:*, @types/jquery@npm:^3.3.31":
  version: 3.5.4
  resolution: "@types/jquery@npm:3.5.4"
  dependencies:
    "@types/sizzle": "*"
  checksum: 7e03d2f60ba9e607e85fc43221eb0ad3bca1e8916035036bd2f506675ef9277fe52f1cbea6875e91625df2b16747263c3c0fd7dd637a0e3973677f19145c45c4
  languageName: node
  linkType: hard

"@types/jqueryui@npm:*, @types/jqueryui@npm:^1.12.9":
  version: 1.12.13
  resolution: "@types/jqueryui@npm:1.12.13"
  dependencies:
    "@types/jquery": "*"
  checksum: eb8a39898e327080b97d301b2633bf5ea3bf1602e036aeeb2523458c8130f01b6e5b4106cfd6347bd8e3193c43d052b3d47ca56ddfb1b313fc5af26f0e693ac1
  languageName: node
  linkType: hard

"@types/sizzle@npm:*":
  version: 2.3.2
  resolution: "@types/sizzle@npm:2.3.2"
  checksum: 447a1c3f39f0e47ffdbccd1df58d63e8b67dc001f44f26f43ac8243db7834a3d956cebc8abe9272ecbdccfc8f4ec0ae74b811ccdad5b6cddaf8f0968513d618a
  languageName: node
  linkType: hard

"@types/underscore@npm:*":
  version: 1.10.24
  resolution: "@types/underscore@npm:1.10.24"
  checksum: 7b684baadf21759b518c7f93835843bf68e4ca3ed4a6920708197ed89ac14de34385351fae2d75045d15e5658dc99993a85b84c983329b8f3b51a84abca72ae2
  languageName: node
  linkType: hard

"knack-types@workspace:.":
  version: 0.0.0-use.local
  resolution: "knack-types@workspace:."
  dependencies:
    "@types/backbone": ^1.4.5
    "@types/jquery": ^3.3.31
    "@types/jquery.timepicker": ^0.3.29
    "@types/jqueryui": ^1.12.9
  languageName: unknown
  linkType: soft
