# THIS IS AN AUTOGENERATED FILE. DO NOT EDIT THIS FILE DIRECTLY.
# yarn lockfile v1


"@types/backbone@^1.4.5":
  version "1.4.5"
  resolved "https://registry.yarnpkg.com/@types/backbone/-/backbone-1.4.5.tgz#057d89987fb672a20b896b1df5cc802f7b87c624"
  integrity sha512-pSqM0eryp6V3G0srBtndUd9IJmiG2BAwYLQGPDcEPMjbfbgitlrN40+Lc1rrMjNMbV5QWywe6WPmNjdqyNTyIw==
  dependencies:
    "@types/jquery" "*"
    "@types/underscore" "*"

"@types/jquery.timepicker@^0.3.29":
  version "0.3.29"
  resolved "https://registry.yarnpkg.com/@types/jquery.timepicker/-/jquery.timepicker-0.3.29.tgz#ad23c32d57b46a7f64c9554e65be11a5dbde1910"
  integrity sha512-FEoYphChmoAnXVNjutDngBl9GPFq2llBoLpumFXE+qAk6/sAtsQU7b2FgkrJJ6fPqv+sNMBNfMxPRKBR1bF93Q==
  dependencies:
    "@types/jquery" "*"
    "@types/jqueryui" "*"

"@types/jquery@*", "@types/jquery@^3.3.31":
  version "3.5.4"
  resolved "https://registry.yarnpkg.com/@types/jquery/-/jquery-3.5.4.tgz#e923f7d05ca790530f17f80a3b89bc28853fa17f"
  integrity sha512-//9CHhaUt/rurMJTxGI+I6DmsNHgYU6d8aSLFfO5dB7+10lwLnaWT0z5GY/yY82Q/M+B+0Qh3TixlJ8vmBeqIw==
  dependencies:
    "@types/sizzle" "*"

"@types/jqueryui@*", "@types/jqueryui@^1.12.9":
  version "1.12.13"
  resolved "https://registry.yarnpkg.com/@types/jqueryui/-/jqueryui-1.12.13.tgz#1aa0507b4d1a75b03592d2126fbd6d2ea8e8c284"
  integrity sha512-IIOytTkwN6mBcJqi5SP8T8zqDGKy9hIpifQ0aGj1/ZjqshOoMo0yZdLp2uLIg7mQDJOwMCSC3EY1QZC/qZzvLQ==
  dependencies:
    "@types/jquery" "*"

"@types/sizzle@*":
  version "2.3.2"
  resolved "https://registry.yarnpkg.com/@types/sizzle/-/sizzle-2.3.2.tgz#a811b8c18e2babab7d542b3365887ae2e4d9de47"
  integrity sha512-7EJYyKTL7tFR8+gDbB6Wwz/arpGa0Mywk1TJbNzKzHtzbwVmY4HR9WqS5VV7dsBUKQmPNr192jHr/VpBluj/hg==

"@types/underscore@*":
  version "1.10.24"
  resolved "https://registry.yarnpkg.com/@types/underscore/-/underscore-1.10.24.tgz#dede004deed3b3f99c4db0bdb9ee21cae25befdd"
  integrity sha512-T3NQD8hXNW2sRsSbLNjF/aBo18MyJlbw0lSpQHB/eZZtScPdexN4HSa8cByYwTw9Wy7KuOFr81mlDQcQQaZ79w==

typescript@^4.1.2:
  version "4.1.2"
  resolved "https://registry.yarnpkg.com/typescript/-/typescript-4.1.2.tgz#6369ef22516fe5e10304aae5a5c4862db55380e9"
  integrity sha512-thGloWsGH3SOxv1SoY7QojKi0tc+8FnOmiarEGMbd/lar7QOEd3hvlx3Fp5y6FlDUGl9L+pd4n2e+oToGMmhRQ==
